
Microsoft Visual Studio Solution File, Format Version 12.00
# Visual Studio Version 16
VisualStudioVersion = 16.0.30907.101
MinimumVisualStudioVersion = 10.0.40219.1
Project("{FAE04EC0-301F-11D3-BF4B-00C04F79EFBC}") = "GameProject", "GameProject\GameProject.csproj", "{65590FD0-3D7D-482C-A7F8-DF9833CD5206}"
EndProject
Global
	GlobalSection(SolutionConfigurationPlatforms) = preSolution
		Debug|Any CPU = Debug|Any CPU
		Release|Any CPU = Release|Any CPU
	EndGlobalSection
	GlobalSection(ProjectConfigurationPlatforms) = postSolution
		{65590FD0-3D7D-482C-A7F8-DF9833CD5206}.Debug|Any CPU.ActiveCfg = Debug|Any CPU
		{65590FD0-3D7D-482C-A7F8-DF9833CD5206}.Debug|Any CPU.Build.0 = Debug|Any CPU
		{65590FD0-3D7D-482C-A7F8-DF9833CD5206}.Release|Any CPU.ActiveCfg = Release|Any CPU
		{65590FD0-3D7D-482C-A7F8-DF9833CD5206}.Release|Any CPU.Build.0 = Release|Any CPU
	EndGlobalSection
	GlobalSection(SolutionProperties) = preSolution
		HideSolutionNode = FALSE
	EndGlobalSection
	GlobalSection(ExtensibilityGlobals) = postSolution
		SolutionGuid = {E64E32E9-8E06-4962-A9D2-95FF323A9FA5}
	EndGlobalSection
EndGlobal
